
Microsoft Visual Studio Solution File, Format Version 12.00
# Visual Studio Version 17
VisualStudioVersion = 17.8.34330.188
MinimumVisualStudioVersion = 10.0.40219.1
Project("{FAE04EC0-301F-11D3-BF4B-00C04F79EFBC}") = "TestDocker", "TestDocker\TestDocker.csproj", "{CBBC1697-7104-4EA6-91DE-BB1DADAE6CA0}"
EndProject
Global
	GlobalSection(SolutionConfigurationPlatforms) = preSolution
		Debug|Any CPU = Debug|Any CPU
		Release|Any CPU = Release|Any CPU
	EndGlobalSection
	GlobalSection(ProjectConfigurationPlatforms) = postSolution
		{CBBC1697-7104-4EA6-91DE-BB1DADAE6CA0}.Debug|Any CPU.ActiveCfg = Debug|Any CPU
		{CBBC1697-7104-4EA6-91DE-BB1DADAE6CA0}.Debug|Any CPU.Build.0 = Debug|Any CPU
		{CBBC1697-7104-4EA6-91DE-BB1DADAE6CA0}.Release|Any CPU.ActiveCfg = Release|Any CPU
		{CBBC1697-7104-4EA6-91DE-BB1DADAE6CA0}.Release|Any CPU.Build.0 = Release|Any CPU
	EndGlobalSection
	GlobalSection(SolutionProperties) = preSolution
		HideSolutionNode = FALSE
	EndGlobalSection
	GlobalSection(ExtensibilityGlobals) = postSolution
		SolutionGuid = {02B1EB33-B75F-4549-9288-BDBB695CAB4C}
	EndGlobalSection
EndGlobal
